
Microsoft Visual Studio Solution File, Format Version 12.00
# Visual Studio 15
VisualStudioVersion = 15.0.27703.2042
MinimumVisualStudioVersion = 10.0.40219.1
Project("{FAE04EC0-301F-11D3-BF4B-00C04F79EFBC}") = "Formulario.Android", "Formulario\Formulario.Android\Formulario.Android.csproj", "{048F0DF0-5EFA-4147-8276-A95FF35A5D9F}"
EndProject
Project("{FAE04EC0-301F-11D3-BF4B-00C04F79EFBC}") = "Formulario.iOS", "Formulario\Formulario.iOS\Formulario.iOS.csproj", "{E0B8EC15-E567-41D3-B20C-82C1A73D3046}"
EndProject
Project("{FAE04EC0-301F-11D3-BF4B-00C04F79EFBC}") = "Formulario.UWP", "Formulario\Formulario.UWP\Formulario.UWP.csproj", "{90FFACCF-1FB3-4C2A-8C5F-D8411460186D}"
EndProject
Project("{FAE04EC0-301F-11D3-BF4B-00C04F79EFBC}") = "Formulario", "Formulario\Formulario\Formulario.csproj", "{D515A069-EDFB-4011-A99E-A5A530DB1936}"
EndProject
Global
	GlobalSection(SolutionConfigurationPlatforms) = preSolution
		Ad-Hoc|Any CPU = Ad-Hoc|Any CPU
		Ad-Hoc|ARM = Ad-Hoc|ARM
		Ad-Hoc|iPhone = Ad-Hoc|iPhone
		Ad-Hoc|iPhoneSimulator = Ad-Hoc|iPhoneSimulator
		Ad-Hoc|x64 = Ad-Hoc|x64
		Ad-Hoc|x86 = Ad-Hoc|x86
		AppStore|Any CPU = AppStore|Any CPU
		AppStore|ARM = AppStore|ARM
		AppStore|iPhone = AppStore|iPhone
		AppStore|iPhoneSimulator = AppStore|iPhoneSimulator
		AppStore|x64 = AppStore|x64
		AppStore|x86 = AppStore|x86
		Debug|Any CPU = Debug|Any CPU
		Debug|ARM = Debug|ARM
		Debug|iPhone = Debug|iPhone
		Debug|iPhoneSimulator = Debug|iPhoneSimulator
		Debug|x64 = Debug|x64
		Debug|x86 = Debug|x86
		Release|Any CPU = Release|Any CPU
		Release|ARM = Release|ARM
		Release|iPhone = Release|iPhone
		Release|iPhoneSimulator = Release|iPhoneSimulator
		Release|x64 = Release|x64
		Release|x86 = Release|x86
	EndGlobalSection
	GlobalSection(ProjectConfigurationPlatforms) = postSolution
		{048F0DF0-5EFA-4147-8276-A95FF35A5D9F}.Ad-Hoc|Any CPU.ActiveCfg = Release|Any CPU
		{048F0DF0-5EFA-4147-8276-A95FF35A5D9F}.Ad-Hoc|Any CPU.Build.0 = Release|Any CPU
		{048F0DF0-5EFA-4147-8276-A95FF35A5D9F}.Ad-Hoc|Any CPU.Deploy.0 = Release|Any CPU
		{048F0DF0-5EFA-4147-8276-A95FF35A5D9F}.Ad-Hoc|ARM.ActiveCfg = Release|Any CPU
		{048F0DF0-5EFA-4147-8276-A95FF35A5D9F}.Ad-Hoc|ARM.Build.0 = Release|Any CPU
		{048F0DF0-5EFA-4147-8276-A95FF35A5D9F}.Ad-Hoc|ARM.Deploy.0 = Release|Any CPU
		{048F0DF0-5EFA-4147-8276-A95FF35A5D9F}.Ad-Hoc|iPhone.ActiveCfg = Release|Any CPU
		{048F0DF0-5EFA-4147-8276-A95FF35A5D9F}.Ad-Hoc|iPhone.Build.0 = Release|Any CPU
		{048F0DF0-5EFA-4147-8276-A95FF35A5D9F}.Ad-Hoc|iPhone.Deploy.0 = Release|Any CPU
		{048F0DF0-5EFA-4147-8276-A95FF35A5D9F}.Ad-Hoc|iPhoneSimulator.ActiveCfg = Release|Any CPU
		{048F0DF0-5EFA-4147-8276-A95FF35A5D9F}.Ad-Hoc|iPhoneSimulator.Build.0 = Release|Any CPU
		{048F0DF0-5EFA-4147-8276-A95FF35A5D9F}.Ad-Hoc|iPhoneSimulator.Deploy.0 = Release|Any CPU
		{048F0DF0-5EFA-4147-8276-A95FF35A5D9F}.Ad-Hoc|x64.ActiveCfg = Release|Any CPU
		{048F0DF0-5EFA-4147-8276-A95FF35A5D9F}.Ad-Hoc|x64.Build.0 = Release|Any CPU
		{048F0DF0-5EFA-4147-8276-A95FF35A5D9F}.Ad-Hoc|x64.Deploy.0 = Release|Any CPU
		{048F0DF0-5EFA-4147-8276-A95FF35A5D9F}.Ad-Hoc|x86.ActiveCfg = Release|Any CPU
		{048F0DF0-5EFA-4147-8276-A95FF35A5D9F}.Ad-Hoc|x86.Build.0 = Release|Any CPU
		{048F0DF0-5EFA-4147-8276-A95FF35A5D9F}.Ad-Hoc|x86.Deploy.0 = Release|Any CPU
		{048F0DF0-5EFA-4147-8276-A95FF35A5D9F}.AppStore|Any CPU.ActiveCfg = Release|Any CPU
		{048F0DF0-5EFA-4147-8276-A95FF35A5D9F}.AppStore|Any CPU.Build.0 = Release|Any CPU
		{048F0DF0-5EFA-4147-8276-A95FF35A5D9F}.AppStore|Any CPU.Deploy.0 = Release|Any CPU
		{048F0DF0-5EFA-4147-8276-A95FF35A5D9F}.AppStore|ARM.ActiveCfg = Release|Any CPU
		{048F0DF0-5EFA-4147-8276-A95FF35A5D9F}.AppStore|ARM.Build.0 = Release|Any CPU
		{048F0DF0-5EFA-4147-8276-A95FF35A5D9F}.AppStore|ARM.Deploy.0 = Release|Any CPU
		{048F0DF0-5EFA-4147-8276-A95FF35A5D9F}.AppStore|iPhone.ActiveCfg = Release|Any CPU
		{048F0DF0-5EFA-4147-8276-A95FF35A5D9F}.AppStore|iPhone.Build.0 = Release|Any CPU
		{048F0DF0-5EFA-4147-8276-A95FF35A5D9F}.AppStore|iPhone.Deploy.0 = Release|Any CPU
		{048F0DF0-5EFA-4147-8276-A95FF35A5D9F}.AppStore|iPhoneSimulator.ActiveCfg = Release|Any CPU
		{048F0DF0-5EFA-4147-8276-A95FF35A5D9F}.AppStore|iPhoneSimulator.Build.0 = Release|Any CPU
		{048F0DF0-5EFA-4147-8276-A95FF35A5D9F}.AppStore|iPhoneSimulator.Deploy.0 = Release|Any CPU
		{048F0DF0-5EFA-4147-8276-A95FF35A5D9F}.AppStore|x64.ActiveCfg = Release|Any CPU
		{048F0DF0-5EFA-4147-8276-A95FF35A5D9F}.AppStore|x64.Build.0 = Release|Any CPU
		{048F0DF0-5EFA-4147-8276-A95FF35A5D9F}.AppStore|x64.Deploy.0 = Release|Any CPU
		{048F0DF0-5EFA-4147-8276-A95FF35A5D9F}.AppStore|x86.ActiveCfg = Release|Any CPU
		{048F0DF0-5EFA-4147-8276-A95FF35A5D9F}.AppStore|x86.Build.0 = Release|Any CPU
		{048F0DF0-5EFA-4147-8276-A95FF35A5D9F}.AppStore|x86.Deploy.0 = Release|Any CPU
		{048F0DF0-5EFA-4147-8276-A95FF35A5D9F}.Debug|Any CPU.ActiveCfg = Debug|Any CPU
		{048F0DF0-5EFA-4147-8276-A95FF35A5D9F}.Debug|Any CPU.Build.0 = Debug|Any CPU
		{048F0DF0-5EFA-4147-8276-A95FF35A5D9F}.Debug|Any CPU.Deploy.0 = Debug|Any CPU
		{048F0DF0-5EFA-4147-8276-A95FF35A5D9F}.Debug|ARM.ActiveCfg = Debug|Any CPU
		{048F0DF0-5EFA-4147-8276-A95FF35A5D9F}.Debug|ARM.Build.0 = Debug|Any CPU
		{048F0DF0-5EFA-4147-8276-A95FF35A5D9F}.Debug|ARM.Deploy.0 = Debug|Any CPU
		{048F0DF0-5EFA-4147-8276-A95FF35A5D9F}.Debug|iPhone.ActiveCfg = Debug|Any CPU
		{048F0DF0-5EFA-4147-8276-A95FF35A5D9F}.Debug|iPhone.Build.0 = Debug|Any CPU
		{048F0DF0-5EFA-4147-8276-A95FF35A5D9F}.Debug|iPhone.Deploy.0 = Debug|Any CPU
		{048F0DF0-5EFA-4147-8276-A95FF35A5D9F}.Debug|iPhoneSimulator.ActiveCfg = Debug|Any CPU
		{048F0DF0-5EFA-4147-8276-A95FF35A5D9F}.Debug|iPhoneSimulator.Build.0 = Debug|Any CPU
		{048F0DF0-5EFA-4147-8276-A95FF35A5D9F}.Debug|iPhoneSimulator.Deploy.0 = Debug|Any CPU
		{048F0DF0-5EFA-4147-8276-A95FF35A5D9F}.Debug|x64.ActiveCfg = Debug|Any CPU
		{048F0DF0-5EFA-4147-8276-A95FF35A5D9F}.Debug|x64.Build.0 = Debug|Any CPU
		{048F0DF0-5EFA-4147-8276-A95FF35A5D9F}.Debug|x64.Deploy.0 = Debug|Any CPU
		{048F0DF0-5EFA-4147-8276-A95FF35A5D9F}.Debug|x86.ActiveCfg = Debug|Any CPU
		{048F0DF0-5EFA-4147-8276-A95FF35A5D9F}.Debug|x86.Build.0 = Debug|Any CPU
		{048F0DF0-5EFA-4147-8276-A95FF35A5D9F}.Debug|x86.Deploy.0 = Debug|Any CPU
		{048F0DF0-5EFA-4147-8276-A95FF35A5D9F}.Release|Any CPU.ActiveCfg = Release|Any CPU
		{048F0DF0-5EFA-4147-8276-A95FF35A5D9F}.Release|Any CPU.Build.0 = Release|Any CPU
		{048F0DF0-5EFA-4147-8276-A95FF35A5D9F}.Release|Any CPU.Deploy.0 = Release|Any CPU
		{048F0DF0-5EFA-4147-8276-A95FF35A5D9F}.Release|ARM.ActiveCfg = Release|Any CPU
		{048F0DF0-5EFA-4147-8276-A95FF35A5D9F}.Release|ARM.Build.0 = Release|Any CPU
		{048F0DF0-5EFA-4147-8276-A95FF35A5D9F}.Release|ARM.Deploy.0 = Release|Any CPU
		{048F0DF0-5EFA-4147-8276-A95FF35A5D9F}.Release|iPhone.ActiveCfg = Release|Any CPU
		{048F0DF0-5EFA-4147-8276-A95FF35A5D9F}.Release|iPhone.Build.0 = Release|Any CPU
		{048F0DF0-5EFA-4147-8276-A95FF35A5D9F}.Release|iPhone.Deploy.0 = Release|Any CPU
		{048F0DF0-5EFA-4147-8276-A95FF35A5D9F}.Release|iPhoneSimulator.ActiveCfg = Release|Any CPU
		{048F0DF0-5EFA-4147-8276-A95FF35A5D9F}.Release|iPhoneSimulator.Build.0 = Release|Any CPU
		{048F0DF0-5EFA-4147-8276-A95FF35A5D9F}.Release|iPhoneSimulator.Deploy.0 = Release|Any CPU
		{048F0DF0-5EFA-4147-8276-A95FF35A5D9F}.Release|x64.ActiveCfg = Release|Any CPU
		{048F0DF0-5EFA-4147-8276-A95FF35A5D9F}.Release|x64.Build.0 = Release|Any CPU
		{048F0DF0-5EFA-4147-8276-A95FF35A5D9F}.Release|x64.Deploy.0 = Release|Any CPU
		{048F0DF0-5EFA-4147-8276-A95FF35A5D9F}.Release|x86.ActiveCfg = Release|Any CPU
		{048F0DF0-5EFA-4147-8276-A95FF35A5D9F}.Release|x86.Build.0 = Release|Any CPU
		{048F0DF0-5EFA-4147-8276-A95FF35A5D9F}.Release|x86.Deploy.0 = Release|Any CPU
		{E0B8EC15-E567-41D3-B20C-82C1A73D3046}.Ad-Hoc|Any CPU.ActiveCfg = Ad-Hoc|iPhone
		{E0B8EC15-E567-41D3-B20C-82C1A73D3046}.Ad-Hoc|Any CPU.Build.0 = Ad-Hoc|iPhone
		{E0B8EC15-E567-41D3-B20C-82C1A73D3046}.Ad-Hoc|Any CPU.Deploy.0 = Ad-Hoc|iPhone
		{E0B8EC15-E567-41D3-B20C-82C1A73D3046}.Ad-Hoc|ARM.ActiveCfg = Ad-Hoc|iPhone
		{E0B8EC15-E567-41D3-B20C-82C1A73D3046}.Ad-Hoc|ARM.Build.0 = Ad-Hoc|iPhone
		{E0B8EC15-E567-41D3-B20C-82C1A73D3046}.Ad-Hoc|ARM.Deploy.0 = Ad-Hoc|iPhone
		{E0B8EC15-E567-41D3-B20C-82C1A73D3046}.Ad-Hoc|iPhone.ActiveCfg = Ad-Hoc|iPhone
		{E0B8EC15-E567-41D3-B20C-82C1A73D3046}.Ad-Hoc|iPhone.Build.0 = Ad-Hoc|iPhone
		{E0B8EC15-E567-41D3-B20C-82C1A73D3046}.Ad-Hoc|iPhone.Deploy.0 = Ad-Hoc|iPhone
		{E0B8EC15-E567-41D3-B20C-82C1A73D3046}.Ad-Hoc|iPhoneSimulator.ActiveCfg = Ad-Hoc|iPhoneSimulator
		{E0B8EC15-E567-41D3-B20C-82C1A73D3046}.Ad-Hoc|iPhoneSimulator.Build.0 = Ad-Hoc|iPhoneSimulator
		{E0B8EC15-E567-41D3-B20C-82C1A73D3046}.Ad-Hoc|iPhoneSimulator.Deploy.0 = Ad-Hoc|iPhoneSimulator
		{E0B8EC15-E567-41D3-B20C-82C1A73D3046}.Ad-Hoc|x64.ActiveCfg = Ad-Hoc|iPhone
		{E0B8EC15-E567-41D3-B20C-82C1A73D3046}.Ad-Hoc|x64.Build.0 = Ad-Hoc|iPhone
		{E0B8EC15-E567-41D3-B20C-82C1A73D3046}.Ad-Hoc|x64.Deploy.0 = Ad-Hoc|iPhone
		{E0B8EC15-E567-41D3-B20C-82C1A73D3046}.Ad-Hoc|x86.ActiveCfg = Ad-Hoc|iPhone
		{E0B8EC15-E567-41D3-B20C-82C1A73D3046}.Ad-Hoc|x86.Build.0 = Ad-Hoc|iPhone
		{E0B8EC15-E567-41D3-B20C-82C1A73D3046}.Ad-Hoc|x86.Deploy.0 = Ad-Hoc|iPhone
		{E0B8EC15-E567-41D3-B20C-82C1A73D3046}.AppStore|Any CPU.ActiveCfg = AppStore|iPhone
		{E0B8EC15-E567-41D3-B20C-82C1A73D3046}.AppStore|Any CPU.Build.0 = AppStore|iPhone
		{E0B8EC15-E567-41D3-B20C-82C1A73D3046}.AppStore|Any CPU.Deploy.0 = AppStore|iPhone
		{E0B8EC15-E567-41D3-B20C-82C1A73D3046}.AppStore|ARM.ActiveCfg = AppStore|iPhone
		{E0B8EC15-E567-41D3-B20C-82C1A73D3046}.AppStore|ARM.Build.0 = AppStore|iPhone
		{E0B8EC15-E567-41D3-B20C-82C1A73D3046}.AppStore|ARM.Deploy.0 = AppStore|iPhone
		{E0B8EC15-E567-41D3-B20C-82C1A73D3046}.AppStore|iPhone.ActiveCfg = AppStore|iPhone
		{E0B8EC15-E567-41D3-B20C-82C1A73D3046}.AppStore|iPhone.Build.0 = AppStore|iPhone
		{E0B8EC15-E567-41D3-B20C-82C1A73D3046}.AppStore|iPhone.Deploy.0 = AppStore|iPhone
		{E0B8EC15-E567-41D3-B20C-82C1A73D3046}.AppStore|iPhoneSimulator.ActiveCfg = AppStore|iPhoneSimulator
		{E0B8EC15-E567-41D3-B20C-82C1A73D3046}.AppStore|iPhoneSimulator.Build.0 = AppStore|iPhoneSimulator
		{E0B8EC15-E567-41D3-B20C-82C1A73D3046}.AppStore|iPhoneSimulator.Deploy.0 = AppStore|iPhoneSimulator
		{E0B8EC15-E567-41D3-B20C-82C1A73D3046}.AppStore|x64.ActiveCfg = AppStore|iPhone
		{E0B8EC15-E567-41D3-B20C-82C1A73D3046}.AppStore|x64.Build.0 = AppStore|iPhone
		{E0B8EC15-E567-41D3-B20C-82C1A73D3046}.AppStore|x64.Deploy.0 = AppStore|iPhone
		{E0B8EC15-E567-41D3-B20C-82C1A73D3046}.AppStore|x86.ActiveCfg = AppStore|iPhone
		{E0B8EC15-E567-41D3-B20C-82C1A73D3046}.AppStore|x86.Build.0 = AppStore|iPhone
		{E0B8EC15-E567-41D3-B20C-82C1A73D3046}.AppStore|x86.Deploy.0 = AppStore|iPhone
		{E0B8EC15-E567-41D3-B20C-82C1A73D3046}.Debug|Any CPU.ActiveCfg = Debug|iPhoneSimulator
		{E0B8EC15-E567-41D3-B20C-82C1A73D3046}.Debug|Any CPU.Build.0 = Debug|iPhoneSimulator
		{E0B8EC15-E567-41D3-B20C-82C1A73D3046}.Debug|Any CPU.Deploy.0 = Debug|iPhoneSimulator
		{E0B8EC15-E567-41D3-B20C-82C1A73D3046}.Debug|ARM.ActiveCfg = Debug|iPhone
		{E0B8EC15-E567-41D3-B20C-82C1A73D3046}.Debug|ARM.Build.0 = Debug|iPhone
		{E0B8EC15-E567-41D3-B20C-82C1A73D3046}.Debug|ARM.Deploy.0 = Debug|iPhone
		{E0B8EC15-E567-41D3-B20C-82C1A73D3046}.Debug|iPhone.ActiveCfg = Debug|iPhone
		{E0B8EC15-E567-41D3-B20C-82C1A73D3046}.Debug|iPhone.Build.0 = Debug|iPhone
		{E0B8EC15-E567-41D3-B20C-82C1A73D3046}.Debug|iPhone.Deploy.0 = Debug|iPhone
		{E0B8EC15-E567-41D3-B20C-82C1A73D3046}.Debug|iPhoneSimulator.ActiveCfg = Debug|iPhoneSimulator
		{E0B8EC15-E567-41D3-B20C-82C1A73D3046}.Debug|iPhoneSimulator.Build.0 = Debug|iPhoneSimulator
		{E0B8EC15-E567-41D3-B20C-82C1A73D3046}.Debug|iPhoneSimulator.Deploy.0 = Debug|iPhoneSimulator
		{E0B8EC15-E567-41D3-B20C-82C1A73D3046}.Debug|x64.ActiveCfg = Debug|iPhone
		{E0B8EC15-E567-41D3-B20C-82C1A73D3046}.Debug|x64.Build.0 = Debug|iPhone
		{E0B8EC15-E567-41D3-B20C-82C1A73D3046}.Debug|x64.Deploy.0 = Debug|iPhone
		{E0B8EC15-E567-41D3-B20C-82C1A73D3046}.Debug|x86.ActiveCfg = Debug|iPhone
		{E0B8EC15-E567-41D3-B20C-82C1A73D3046}.Debug|x86.Build.0 = Debug|iPhone
		{E0B8EC15-E567-41D3-B20C-82C1A73D3046}.Debug|x86.Deploy.0 = Debug|iPhone
		{E0B8EC15-E567-41D3-B20C-82C1A73D3046}.Release|Any CPU.ActiveCfg = Release|iPhone
		{E0B8EC15-E567-41D3-B20C-82C1A73D3046}.Release|Any CPU.Build.0 = Release|iPhone
		{E0B8EC15-E567-41D3-B20C-82C1A73D3046}.Release|Any CPU.Deploy.0 = Release|iPhone
		{E0B8EC15-E567-41D3-B20C-82C1A73D3046}.Release|ARM.ActiveCfg = Release|iPhone
		{E0B8EC15-E567-41D3-B20C-82C1A73D3046}.Release|ARM.Build.0 = Release|iPhone
		{E0B8EC15-E567-41D3-B20C-82C1A73D3046}.Release|ARM.Deploy.0 = Release|iPhone
		{E0B8EC15-E567-41D3-B20C-82C1A73D3046}.Release|iPhone.ActiveCfg = Release|iPhone
		{E0B8EC15-E567-41D3-B20C-82C1A73D3046}.Release|iPhone.Build.0 = Release|iPhone
		{E0B8EC15-E567-41D3-B20C-82C1A73D3046}.Release|iPhone.Deploy.0 = Release|iPhone
		{E0B8EC15-E567-41D3-B20C-82C1A73D3046}.Release|iPhoneSimulator.ActiveCfg = Release|iPhoneSimulator
		{E0B8EC15-E567-41D3-B20C-82C1A73D3046}.Release|iPhoneSimulator.Build.0 = Release|iPhoneSimulator
		{E0B8EC15-E567-41D3-B20C-82C1A73D3046}.Release|iPhoneSimulator.Deploy.0 = Release|iPhoneSimulator
		{E0B8EC15-E567-41D3-B20C-82C1A73D3046}.Release|x64.ActiveCfg = Release|iPhone
		{E0B8EC15-E567-41D3-B20C-82C1A73D3046}.Release|x64.Build.0 = Release|iPhone
		{E0B8EC15-E567-41D3-B20C-82C1A73D3046}.Release|x64.Deploy.0 = Release|iPhone
		{E0B8EC15-E567-41D3-B20C-82C1A73D3046}.Release|x86.ActiveCfg = Release|iPhone
		{E0B8EC15-E567-41D3-B20C-82C1A73D3046}.Release|x86.Build.0 = Release|iPhone
		{E0B8EC15-E567-41D3-B20C-82C1A73D3046}.Release|x86.Deploy.0 = Release|iPhone
		{90FFACCF-1FB3-4C2A-8C5F-D8411460186D}.Ad-Hoc|Any CPU.ActiveCfg = Release|x86
		{90FFACCF-1FB3-4C2A-8C5F-D8411460186D}.Ad-Hoc|Any CPU.Build.0 = Release|x86
		{90FFACCF-1FB3-4C2A-8C5F-D8411460186D}.Ad-Hoc|Any CPU.Deploy.0 = Release|x86
		{90FFACCF-1FB3-4C2A-8C5F-D8411460186D}.Ad-Hoc|ARM.ActiveCfg = Release|ARM
		{90FFACCF-1FB3-4C2A-8C5F-D8411460186D}.Ad-Hoc|ARM.Build.0 = Release|ARM
		{90FFACCF-1FB3-4C2A-8C5F-D8411460186D}.Ad-Hoc|ARM.Deploy.0 = Release|ARM
		{90FFACCF-1FB3-4C2A-8C5F-D8411460186D}.Ad-Hoc|iPhone.ActiveCfg = Release|x86
		{90FFACCF-1FB3-4C2A-8C5F-D8411460186D}.Ad-Hoc|iPhone.Build.0 = Release|x86
		{90FFACCF-1FB3-4C2A-8C5F-D8411460186D}.Ad-Hoc|iPhone.Deploy.0 = Release|x86
		{90FFACCF-1FB3-4C2A-8C5F-D8411460186D}.Ad-Hoc|iPhoneSimulator.ActiveCfg = Release|x86
		{90FFACCF-1FB3-4C2A-8C5F-D8411460186D}.Ad-Hoc|iPhoneSimulator.Build.0 = Release|x86
		{90FFACCF-1FB3-4C2A-8C5F-D8411460186D}.Ad-Hoc|iPhoneSimulator.Deploy.0 = Release|x86
		{90FFACCF-1FB3-4C2A-8C5F-D8411460186D}.Ad-Hoc|x64.ActiveCfg = Release|x64
		{90FFACCF-1FB3-4C2A-8C5F-D8411460186D}.Ad-Hoc|x64.Build.0 = Release|x64
		{90FFACCF-1FB3-4C2A-8C5F-D8411460186D}.Ad-Hoc|x64.Deploy.0 = Release|x64
		{90FFACCF-1FB3-4C2A-8C5F-D8411460186D}.Ad-Hoc|x86.ActiveCfg = Release|x86
		{90FFACCF-1FB3-4C2A-8C5F-D8411460186D}.Ad-Hoc|x86.Build.0 = Release|x86
		{90FFACCF-1FB3-4C2A-8C5F-D8411460186D}.Ad-Hoc|x86.Deploy.0 = Release|x86
		{90FFACCF-1FB3-4C2A-8C5F-D8411460186D}.AppStore|Any CPU.ActiveCfg = Release|x86
		{90FFACCF-1FB3-4C2A-8C5F-D8411460186D}.AppStore|Any CPU.Build.0 = Release|x86
		{90FFACCF-1FB3-4C2A-8C5F-D8411460186D}.AppStore|Any CPU.Deploy.0 = Release|x86
		{90FFACCF-1FB3-4C2A-8C5F-D8411460186D}.AppStore|ARM.ActiveCfg = Release|ARM
		{90FFACCF-1FB3-4C2A-8C5F-D8411460186D}.AppStore|ARM.Build.0 = Release|ARM
		{90FFACCF-1FB3-4C2A-8C5F-D8411460186D}.AppStore|ARM.Deploy.0 = Release|ARM
		{90FFACCF-1FB3-4C2A-8C5F-D8411460186D}.AppStore|iPhone.ActiveCfg = Release|x86
		{90FFACCF-1FB3-4C2A-8C5F-D8411460186D}.AppStore|iPhone.Build.0 = Release|x86
		{90FFACCF-1FB3-4C2A-8C5F-D8411460186D}.AppStore|iPhone.Deploy.0 = Release|x86
		{90FFACCF-1FB3-4C2A-8C5F-D8411460186D}.AppStore|iPhoneSimulator.ActiveCfg = Release|x86
		{90FFACCF-1FB3-4C2A-8C5F-D8411460186D}.AppStore|iPhoneSimulator.Build.0 = Release|x86
		{90FFACCF-1FB3-4C2A-8C5F-D8411460186D}.AppStore|iPhoneSimulator.Deploy.0 = Release|x86
		{90FFACCF-1FB3-4C2A-8C5F-D8411460186D}.AppStore|x64.ActiveCfg = Release|x64
		{90FFACCF-1FB3-4C2A-8C5F-D8411460186D}.AppStore|x64.Build.0 = Release|x64
		{90FFACCF-1FB3-4C2A-8C5F-D8411460186D}.AppStore|x64.Deploy.0 = Release|x64
		{90FFACCF-1FB3-4C2A-8C5F-D8411460186D}.AppStore|x86.ActiveCfg = Release|x86
		{90FFACCF-1FB3-4C2A-8C5F-D8411460186D}.AppStore|x86.Build.0 = Release|x86
		{90FFACCF-1FB3-4C2A-8C5F-D8411460186D}.AppStore|x86.Deploy.0 = Release|x86
		{90FFACCF-1FB3-4C2A-8C5F-D8411460186D}.Debug|Any CPU.ActiveCfg = Debug|x86
		{90FFACCF-1FB3-4C2A-8C5F-D8411460186D}.Debug|Any CPU.Build.0 = Debug|x86
		{90FFACCF-1FB3-4C2A-8C5F-D8411460186D}.Debug|Any CPU.Deploy.0 = Debug|x86
		{90FFACCF-1FB3-4C2A-8C5F-D8411460186D}.Debug|ARM.ActiveCfg = Debug|ARM
		{90FFACCF-1FB3-4C2A-8C5F-D8411460186D}.Debug|ARM.Build.0 = Debug|ARM
		{90FFACCF-1FB3-4C2A-8C5F-D8411460186D}.Debug|ARM.Deploy.0 = Debug|ARM
		{90FFACCF-1FB3-4C2A-8C5F-D8411460186D}.Debug|iPhone.ActiveCfg = Debug|x86
		{90FFACCF-1FB3-4C2A-8C5F-D8411460186D}.Debug|iPhone.Build.0 = Debug|x86
		{90FFACCF-1FB3-4C2A-8C5F-D8411460186D}.Debug|iPhone.Deploy.0 = Debug|x86
		{90FFACCF-1FB3-4C2A-8C5F-D8411460186D}.Debug|iPhoneSimulator.ActiveCfg = Debug|x86
		{90FFACCF-1FB3-4C2A-8C5F-D8411460186D}.Debug|iPhoneSimulator.Build.0 = Debug|x86
		{90FFACCF-1FB3-4C2A-8C5F-D8411460186D}.Debug|iPhoneSimulator.Deploy.0 = Debug|x86
		{90FFACCF-1FB3-4C2A-8C5F-D8411460186D}.Debug|x64.ActiveCfg = Debug|x64
		{90FFACCF-1FB3-4C2A-8C5F-D8411460186D}.Debug|x64.Build.0 = Debug|x64
		{90FFACCF-1FB3-4C2A-8C5F-D8411460186D}.Debug|x64.Deploy.0 = Debug|x64
		{90FFACCF-1FB3-4C2A-8C5F-D8411460186D}.Debug|x86.ActiveCfg = Debug|x86
		{90FFACCF-1FB3-4C2A-8C5F-D8411460186D}.Debug|x86.Build.0 = Debug|x86
		{90FFACCF-1FB3-4C2A-8C5F-D8411460186D}.Debug|x86.Deploy.0 = Debug|x86
		{90FFACCF-1FB3-4C2A-8C5F-D8411460186D}.Release|Any CPU.ActiveCfg = Release|x86
		{90FFACCF-1FB3-4C2A-8C5F-D8411460186D}.Release|Any CPU.Build.0 = Release|x86
		{90FFACCF-1FB3-4C2A-8C5F-D8411460186D}.Release|Any CPU.Deploy.0 = Release|x86
		{90FFACCF-1FB3-4C2A-8C5F-D8411460186D}.Release|ARM.ActiveCfg = Release|ARM
		{90FFACCF-1FB3-4C2A-8C5F-D8411460186D}.Release|ARM.Build.0 = Release|ARM
		{90FFACCF-1FB3-4C2A-8C5F-D8411460186D}.Release|ARM.Deploy.0 = Release|ARM
		{90FFACCF-1FB3-4C2A-8C5F-D8411460186D}.Release|iPhone.ActiveCfg = Release|x86
		{90FFACCF-1FB3-4C2A-8C5F-D8411460186D}.Release|iPhone.Build.0 = Release|x86
		{90FFACCF-1FB3-4C2A-8C5F-D8411460186D}.Release|iPhone.Deploy.0 = Release|x86
		{90FFACCF-1FB3-4C2A-8C5F-D8411460186D}.Release|iPhoneSimulator.ActiveCfg = Release|x86
		{90FFACCF-1FB3-4C2A-8C5F-D8411460186D}.Release|iPhoneSimulator.Build.0 = Release|x86
		{90FFACCF-1FB3-4C2A-8C5F-D8411460186D}.Release|iPhoneSimulator.Deploy.0 = Release|x86
		{90FFACCF-1FB3-4C2A-8C5F-D8411460186D}.Release|x64.ActiveCfg = Release|x64
		{90FFACCF-1FB3-4C2A-8C5F-D8411460186D}.Release|x64.Build.0 = Release|x64
		{90FFACCF-1FB3-4C2A-8C5F-D8411460186D}.Release|x64.Deploy.0 = Release|x64
		{90FFACCF-1FB3-4C2A-8C5F-D8411460186D}.Release|x86.ActiveCfg = Release|x86
		{90FFACCF-1FB3-4C2A-8C5F-D8411460186D}.Release|x86.Build.0 = Release|x86
		{90FFACCF-1FB3-4C2A-8C5F-D8411460186D}.Release|x86.Deploy.0 = Release|x86
		{D515A069-EDFB-4011-A99E-A5A530DB1936}.Ad-Hoc|Any CPU.ActiveCfg = Debug|Any CPU
		{D515A069-EDFB-4011-A99E-A5A530DB1936}.Ad-Hoc|Any CPU.Build.0 = Debug|Any CPU
		{D515A069-EDFB-4011-A99E-A5A530DB1936}.Ad-Hoc|Any CPU.Deploy.0 = Debug|Any CPU
		{D515A069-EDFB-4011-A99E-A5A530DB1936}.Ad-Hoc|ARM.ActiveCfg = Debug|Any CPU
		{D515A069-EDFB-4011-A99E-A5A530DB1936}.Ad-Hoc|ARM.Build.0 = Debug|Any CPU
		{D515A069-EDFB-4011-A99E-A5A530DB1936}.Ad-Hoc|ARM.Deploy.0 = Debug|Any CPU
		{D515A069-EDFB-4011-A99E-A5A530DB1936}.Ad-Hoc|iPhone.ActiveCfg = Debug|Any CPU
		{D515A069-EDFB-4011-A99E-A5A530DB1936}.Ad-Hoc|iPhone.Build.0 = Debug|Any CPU
		{D515A069-EDFB-4011-A99E-A5A530DB1936}.Ad-Hoc|iPhone.Deploy.0 = Debug|Any CPU
		{D515A069-EDFB-4011-A99E-A5A530DB1936}.Ad-Hoc|iPhoneSimulator.ActiveCfg = Debug|Any CPU
		{D515A069-EDFB-4011-A99E-A5A530DB1936}.Ad-Hoc|iPhoneSimulator.Build.0 = Debug|Any CPU
		{D515A069-EDFB-4011-A99E-A5A530DB1936}.Ad-Hoc|iPhoneSimulator.Deploy.0 = Debug|Any CPU
		{D515A069-EDFB-4011-A99E-A5A530DB1936}.Ad-Hoc|x64.ActiveCfg = Debug|Any CPU
		{D515A069-EDFB-4011-A99E-A5A530DB1936}.Ad-Hoc|x64.Build.0 = Debug|Any CPU
		{D515A069-EDFB-4011-A99E-A5A530DB1936}.Ad-Hoc|x64.Deploy.0 = Debug|Any CPU
		{D515A069-EDFB-4011-A99E-A5A530DB1936}.Ad-Hoc|x86.ActiveCfg = Debug|Any CPU
		{D515A069-EDFB-4011-A99E-A5A530DB1936}.Ad-Hoc|x86.Build.0 = Debug|Any CPU
		{D515A069-EDFB-4011-A99E-A5A530DB1936}.Ad-Hoc|x86.Deploy.0 = Debug|Any CPU
		{D515A069-EDFB-4011-A99E-A5A530DB1936}.AppStore|Any CPU.ActiveCfg = Debug|Any CPU
		{D515A069-EDFB-4011-A99E-A5A530DB1936}.AppStore|Any CPU.Build.0 = Debug|Any CPU
		{D515A069-EDFB-4011-A99E-A5A530DB1936}.AppStore|Any CPU.Deploy.0 = Debug|Any CPU
		{D515A069-EDFB-4011-A99E-A5A530DB1936}.AppStore|ARM.ActiveCfg = Debug|Any CPU
		{D515A069-EDFB-4011-A99E-A5A530DB1936}.AppStore|ARM.Build.0 = Debug|Any CPU
		{D515A069-EDFB-4011-A99E-A5A530DB1936}.AppStore|ARM.Deploy.0 = Debug|Any CPU
		{D515A069-EDFB-4011-A99E-A5A530DB1936}.AppStore|iPhone.ActiveCfg = Debug|Any CPU
		{D515A069-EDFB-4011-A99E-A5A530DB1936}.AppStore|iPhone.Build.0 = Debug|Any CPU
		{D515A069-EDFB-4011-A99E-A5A530DB1936}.AppStore|iPhone.Deploy.0 = Debug|Any CPU
		{D515A069-EDFB-4011-A99E-A5A530DB1936}.AppStore|iPhoneSimulator.ActiveCfg = Debug|Any CPU
		{D515A069-EDFB-4011-A99E-A5A530DB1936}.AppStore|iPhoneSimulator.Build.0 = Debug|Any CPU
		{D515A069-EDFB-4011-A99E-A5A530DB1936}.AppStore|iPhoneSimulator.Deploy.0 = Debug|Any CPU
		{D515A069-EDFB-4011-A99E-A5A530DB1936}.AppStore|x64.ActiveCfg = Debug|Any CPU
		{D515A069-EDFB-4011-A99E-A5A530DB1936}.AppStore|x64.Build.0 = Debug|Any CPU
		{D515A069-EDFB-4011-A99E-A5A530DB1936}.AppStore|x64.Deploy.0 = Debug|Any CPU
		{D515A069-EDFB-4011-A99E-A5A530DB1936}.AppStore|x86.ActiveCfg = Debug|Any CPU
		{D515A069-EDFB-4011-A99E-A5A530DB1936}.AppStore|x86.Build.0 = Debug|Any CPU
		{D515A069-EDFB-4011-A99E-A5A530DB1936}.AppStore|x86.Deploy.0 = Debug|Any CPU
		{D515A069-EDFB-4011-A99E-A5A530DB1936}.Debug|Any CPU.ActiveCfg = Debug|Any CPU
		{D515A069-EDFB-4011-A99E-A5A530DB1936}.Debug|Any CPU.Build.0 = Debug|Any CPU
		{D515A069-EDFB-4011-A99E-A5A530DB1936}.Debug|Any CPU.Deploy.0 = Debug|Any CPU
		{D515A069-EDFB-4011-A99E-A5A530DB1936}.Debug|ARM.ActiveCfg = Debug|Any CPU
		{D515A069-EDFB-4011-A99E-A5A530DB1936}.Debug|ARM.Build.0 = Debug|Any CPU
		{D515A069-EDFB-4011-A99E-A5A530DB1936}.Debug|ARM.Deploy.0 = Debug|Any CPU
		{D515A069-EDFB-4011-A99E-A5A530DB1936}.Debug|iPhone.ActiveCfg = Debug|Any CPU
		{D515A069-EDFB-4011-A99E-A5A530DB1936}.Debug|iPhone.Build.0 = Debug|Any CPU
		{D515A069-EDFB-4011-A99E-A5A530DB1936}.Debug|iPhone.Deploy.0 = Debug|Any CPU
		{D515A069-EDFB-4011-A99E-A5A530DB1936}.Debug|iPhoneSimulator.ActiveCfg = Debug|Any CPU
		{D515A069-EDFB-4011-A99E-A5A530DB1936}.Debug|iPhoneSimulator.Build.0 = Debug|Any CPU
		{D515A069-EDFB-4011-A99E-A5A530DB1936}.Debug|iPhoneSimulator.Deploy.0 = Debug|Any CPU
		{D515A069-EDFB-4011-A99E-A5A530DB1936}.Debug|x64.ActiveCfg = Debug|Any CPU
		{D515A069-EDFB-4011-A99E-A5A530DB1936}.Debug|x64.Build.0 = Debug|Any CPU
		{D515A069-EDFB-4011-A99E-A5A530DB1936}.Debug|x64.Deploy.0 = Debug|Any CPU
		{D515A069-EDFB-4011-A99E-A5A530DB1936}.Debug|x86.ActiveCfg = Debug|Any CPU
		{D515A069-EDFB-4011-A99E-A5A530DB1936}.Debug|x86.Build.0 = Debug|Any CPU
		{D515A069-EDFB-4011-A99E-A5A530DB1936}.Debug|x86.Deploy.0 = Debug|Any CPU
		{D515A069-EDFB-4011-A99E-A5A530DB1936}.Release|Any CPU.ActiveCfg = Release|Any CPU
		{D515A069-EDFB-4011-A99E-A5A530DB1936}.Release|Any CPU.Build.0 = Release|Any CPU
		{D515A069-EDFB-4011-A99E-A5A530DB1936}.Release|Any CPU.Deploy.0 = Release|Any CPU
		{D515A069-EDFB-4011-A99E-A5A530DB1936}.Release|ARM.ActiveCfg = Release|Any CPU
		{D515A069-EDFB-4011-A99E-A5A530DB1936}.Release|ARM.Build.0 = Release|Any CPU
		{D515A069-EDFB-4011-A99E-A5A530DB1936}.Release|ARM.Deploy.0 = Release|Any CPU
		{D515A069-EDFB-4011-A99E-A5A530DB1936}.Release|iPhone.ActiveCfg = Release|Any CPU
		{D515A069-EDFB-4011-A99E-A5A530DB1936}.Release|iPhone.Build.0 = Release|Any CPU
		{D515A069-EDFB-4011-A99E-A5A530DB1936}.Release|iPhone.Deploy.0 = Release|Any CPU
		{D515A069-EDFB-4011-A99E-A5A530DB1936}.Release|iPhoneSimulator.ActiveCfg = Release|Any CPU
		{D515A069-EDFB-4011-A99E-A5A530DB1936}.Release|iPhoneSimulator.Build.0 = Release|Any CPU
		{D515A069-EDFB-4011-A99E-A5A530DB1936}.Release|iPhoneSimulator.Deploy.0 = Release|Any CPU
		{D515A069-EDFB-4011-A99E-A5A530DB1936}.Release|x64.ActiveCfg = Release|Any CPU
		{D515A069-EDFB-4011-A99E-A5A530DB1936}.Release|x64.Build.0 = Release|Any CPU
		{D515A069-EDFB-4011-A99E-A5A530DB1936}.Release|x64.Deploy.0 = Release|Any CPU
		{D515A069-EDFB-4011-A99E-A5A530DB1936}.Release|x86.ActiveCfg = Release|Any CPU
		{D515A069-EDFB-4011-A99E-A5A530DB1936}.Release|x86.Build.0 = Release|Any CPU
		{D515A069-EDFB-4011-A99E-A5A530DB1936}.Release|x86.Deploy.0 = Release|Any CPU
	EndGlobalSection
	GlobalSection(SolutionProperties) = preSolution
		HideSolutionNode = FALSE
	EndGlobalSection
	GlobalSection(ExtensibilityGlobals) = postSolution
		SolutionGuid = {FDBB7A9B-D931-40BC-AEEB-2E0BC291628F}
	EndGlobalSection
EndGlobal
